
Microsoft Visual Studio Solution File, Format Version 12.00
# Visual Studio Version 17
VisualStudioVersion = 17.0.31903.59
MinimumVisualStudioVersion = 10.0.40219.1
Project("{FAE04EC0-301F-11D3-BF4B-00C04F79EFBC}") = "JwtStore.Api", "JwtStore.Api\JwtStore.Api.csproj", "{1CB4BABD-77EB-49D4-AD3E-A8901D687EA8}"
EndProject
Project("{FAE04EC0-301F-11D3-BF4B-00C04F79EFBC}") = "JwtStore.Core", "JwtStore.Core\JwtStore.Core.csproj", "{266A9B08-3DFF-4AF3-A4BC-5AC6B7B0EB19}"
EndProject
Project("{FAE04EC0-301F-11D3-BF4B-00C04F79EFBC}") = "JwtStore.Infra", "JwtStore.Infra\JwtStore.Infra.csproj", "{26F8DD19-4688-4B61-BA6A-8BDEFF1554F1}"
EndProject
Global
	GlobalSection(SolutionConfigurationPlatforms) = preSolution
		Debug|Any CPU = Debug|Any CPU
		Release|Any CPU = Release|Any CPU
	EndGlobalSection
	GlobalSection(SolutionProperties) = preSolution
		HideSolutionNode = FALSE
	EndGlobalSection
	GlobalSection(ProjectConfigurationPlatforms) = postSolution
		{1CB4BABD-77EB-49D4-AD3E-A8901D687EA8}.Debug|Any CPU.ActiveCfg = Debug|Any CPU
		{1CB4BABD-77EB-49D4-AD3E-A8901D687EA8}.Debug|Any CPU.Build.0 = Debug|Any CPU
		{1CB4BABD-77EB-49D4-AD3E-A8901D687EA8}.Release|Any CPU.ActiveCfg = Release|Any CPU
		{1CB4BABD-77EB-49D4-AD3E-A8901D687EA8}.Release|Any CPU.Build.0 = Release|Any CPU
		{266A9B08-3DFF-4AF3-A4BC-5AC6B7B0EB19}.Debug|Any CPU.ActiveCfg = Debug|Any CPU
		{266A9B08-3DFF-4AF3-A4BC-5AC6B7B0EB19}.Debug|Any CPU.Build.0 = Debug|Any CPU
		{266A9B08-3DFF-4AF3-A4BC-5AC6B7B0EB19}.Release|Any CPU.ActiveCfg = Release|Any CPU
		{266A9B08-3DFF-4AF3-A4BC-5AC6B7B0EB19}.Release|Any CPU.Build.0 = Release|Any CPU
		{26F8DD19-4688-4B61-BA6A-8BDEFF1554F1}.Debug|Any CPU.ActiveCfg = Debug|Any CPU
		{26F8DD19-4688-4B61-BA6A-8BDEFF1554F1}.Debug|Any CPU.Build.0 = Debug|Any CPU
		{26F8DD19-4688-4B61-BA6A-8BDEFF1554F1}.Release|Any CPU.ActiveCfg = Release|Any CPU
		{26F8DD19-4688-4B61-BA6A-8BDEFF1554F1}.Release|Any CPU.Build.0 = Release|Any CPU
	EndGlobalSection
EndGlobal
